
Microsoft Visual Studio Solution File, Format Version 12.00
# Visual Studio 15
VisualStudioVersion = 15.0.26730.3
MinimumVisualStudioVersion = 10.0.40219.1
Project("{9A19103F-16F7-4668-BE54-9A1E7A4F7556}") = "Lighthouse.NetCoreApp", "Lighthouse.NetCoreApp\Lighthouse.NetCoreApp.csproj", "{5ECB8B68-A8BF-404F-A37D-884DC3161030}"
EndProject
Project("{9A19103F-16F7-4668-BE54-9A1E7A4F7556}") = "Loaner", "Loaner\Loaner.csproj", "{FEBE9F4C-6C24-4397-B80A-F0160515F2CD}"
EndProject
Project("{2150E333-8FDC-42A3-9474-1A3956D46DE8}") = "Solution Items", "Solution Items", "{19CF4BAD-FE6B-4443-ABF9-25E2B1A0F859}"
	ProjectSection(SolutionItems) = preProject
		..\README.md = ..\README.md
		..\TODO.md = ..\TODO.md
	EndProjectSection
EndProject
Global
	GlobalSection(SolutionConfigurationPlatforms) = preSolution
		Debug|Any CPU = Debug|Any CPU
		Release|Any CPU = Release|Any CPU
	EndGlobalSection
	GlobalSection(ProjectConfigurationPlatforms) = postSolution
		{5ECB8B68-A8BF-404F-A37D-884DC3161030}.Debug|Any CPU.ActiveCfg = Debug|Any CPU
		{5ECB8B68-A8BF-404F-A37D-884DC3161030}.Debug|Any CPU.Build.0 = Debug|Any CPU
		{5ECB8B68-A8BF-404F-A37D-884DC3161030}.Release|Any CPU.ActiveCfg = Release|Any CPU
		{5ECB8B68-A8BF-404F-A37D-884DC3161030}.Release|Any CPU.Build.0 = Release|Any CPU
		{FEBE9F4C-6C24-4397-B80A-F0160515F2CD}.Debug|Any CPU.ActiveCfg = Debug|Any CPU
		{FEBE9F4C-6C24-4397-B80A-F0160515F2CD}.Debug|Any CPU.Build.0 = Debug|Any CPU
		{FEBE9F4C-6C24-4397-B80A-F0160515F2CD}.Release|Any CPU.ActiveCfg = Release|Any CPU
		{FEBE9F4C-6C24-4397-B80A-F0160515F2CD}.Release|Any CPU.Build.0 = Release|Any CPU
	EndGlobalSection
	GlobalSection(SolutionProperties) = preSolution
		HideSolutionNode = FALSE
	EndGlobalSection
	GlobalSection(ExtensibilityGlobals) = postSolution
		SolutionGuid = {FC8FF0F6-19B3-4104-81FE-0E613EE3EAE9}
	EndGlobalSection
EndGlobal
